
Microsoft Visual Studio Solution File, Format Version 12.00
# Visual Studio 15
VisualStudioVersion = 15.0.28307.1145
MinimumVisualStudioVersion = 10.0.40219.1
Project("{FAE04EC0-301F-11D3-BF4B-00C04F79EFBC}") = "HappyDecision", "HappyDecision\HappyDecision.csproj", "{60FD8A24-D4D7-464F-ACAE-7F2E11E8ACAB}"
EndProject
Global
	GlobalSection(SolutionConfigurationPlatforms) = preSolution
		Debug|Any CPU = Debug|Any CPU
		Release|Any CPU = Release|Any CPU
	EndGlobalSection
	GlobalSection(ProjectConfigurationPlatforms) = postSolution
		{60FD8A24-D4D7-464F-ACAE-7F2E11E8ACAB}.Debug|Any CPU.ActiveCfg = Debug|Any CPU
		{60FD8A24-D4D7-464F-ACAE-7F2E11E8ACAB}.Debug|Any CPU.Build.0 = Debug|Any CPU
		{60FD8A24-D4D7-464F-ACAE-7F2E11E8ACAB}.Release|Any CPU.ActiveCfg = Release|Any CPU
		{60FD8A24-D4D7-464F-ACAE-7F2E11E8ACAB}.Release|Any CPU.Build.0 = Release|Any CPU
	EndGlobalSection
	GlobalSection(SolutionProperties) = preSolution
		HideSolutionNode = FALSE
	EndGlobalSection
	GlobalSection(ExtensibilityGlobals) = postSolution
		SolutionGuid = {B1CFA758-1B33-4AB0-A5A4-87F10BE7291C}
	EndGlobalSection
EndGlobal
